
Microsoft Visual Studio Solution File, Format Version 12.00
# Visual Studio Version 16
VisualStudioVersion = 16.0.32510.428
MinimumVisualStudioVersion = 10.0.40219.1
Project("{FAE04EC0-301F-11D3-BF4B-00C04F79EFBC}") = "RecipesFinder.Android", "RecipesFinder\RecipesFinder.Android\RecipesFinder.Android.csproj", "{0EB8D13D-CAB5-4B8E-9887-A2612CDF7654}"
EndProject
Project("{FAE04EC0-301F-11D3-BF4B-00C04F79EFBC}") = "RecipesFinder.iOS", "RecipesFinder\RecipesFinder.iOS\RecipesFinder.iOS.csproj", "{2E2C6199-2332-432B-B958-5D89FD52C591}"
EndProject
Project("{FAE04EC0-301F-11D3-BF4B-00C04F79EFBC}") = "RecipesFinder", "RecipesFinder\RecipesFinder\RecipesFinder.csproj", "{7B454465-894E-4789-A7AB-AEF8644EB01D}"
EndProject
Global
	GlobalSection(SolutionConfigurationPlatforms) = preSolution
		Debug|Any CPU = Debug|Any CPU
		Debug|iPhone = Debug|iPhone
		Debug|iPhoneSimulator = Debug|iPhoneSimulator
		Release|Any CPU = Release|Any CPU
		Release|iPhone = Release|iPhone
		Release|iPhoneSimulator = Release|iPhoneSimulator
	EndGlobalSection
	GlobalSection(ProjectConfigurationPlatforms) = postSolution
		{0EB8D13D-CAB5-4B8E-9887-A2612CDF7654}.Debug|Any CPU.ActiveCfg = Debug|Any CPU
		{0EB8D13D-CAB5-4B8E-9887-A2612CDF7654}.Debug|Any CPU.Build.0 = Debug|Any CPU
		{0EB8D13D-CAB5-4B8E-9887-A2612CDF7654}.Debug|Any CPU.Deploy.0 = Debug|Any CPU
		{0EB8D13D-CAB5-4B8E-9887-A2612CDF7654}.Debug|iPhone.ActiveCfg = Debug|Any CPU
		{0EB8D13D-CAB5-4B8E-9887-A2612CDF7654}.Debug|iPhone.Build.0 = Debug|Any CPU
		{0EB8D13D-CAB5-4B8E-9887-A2612CDF7654}.Debug|iPhone.Deploy.0 = Debug|Any CPU
		{0EB8D13D-CAB5-4B8E-9887-A2612CDF7654}.Debug|iPhoneSimulator.ActiveCfg = Debug|Any CPU
		{0EB8D13D-CAB5-4B8E-9887-A2612CDF7654}.Debug|iPhoneSimulator.Build.0 = Debug|Any CPU
		{0EB8D13D-CAB5-4B8E-9887-A2612CDF7654}.Debug|iPhoneSimulator.Deploy.0 = Debug|Any CPU
		{0EB8D13D-CAB5-4B8E-9887-A2612CDF7654}.Release|Any CPU.ActiveCfg = Release|Any CPU
		{0EB8D13D-CAB5-4B8E-9887-A2612CDF7654}.Release|Any CPU.Build.0 = Release|Any CPU
		{0EB8D13D-CAB5-4B8E-9887-A2612CDF7654}.Release|Any CPU.Deploy.0 = Release|Any CPU
		{0EB8D13D-CAB5-4B8E-9887-A2612CDF7654}.Release|iPhone.ActiveCfg = Release|Any CPU
		{0EB8D13D-CAB5-4B8E-9887-A2612CDF7654}.Release|iPhone.Build.0 = Release|Any CPU
		{0EB8D13D-CAB5-4B8E-9887-A2612CDF7654}.Release|iPhone.Deploy.0 = Release|Any CPU
		{0EB8D13D-CAB5-4B8E-9887-A2612CDF7654}.Release|iPhoneSimulator.ActiveCfg = Release|Any CPU
		{0EB8D13D-CAB5-4B8E-9887-A2612CDF7654}.Release|iPhoneSimulator.Build.0 = Release|Any CPU
		{0EB8D13D-CAB5-4B8E-9887-A2612CDF7654}.Release|iPhoneSimulator.Deploy.0 = Release|Any CPU
		{2E2C6199-2332-432B-B958-5D89FD52C591}.Debug|Any CPU.ActiveCfg = Debug|iPhone
		{2E2C6199-2332-432B-B958-5D89FD52C591}.Debug|Any CPU.Build.0 = Debug|iPhone
		{2E2C6199-2332-432B-B958-5D89FD52C591}.Debug|Any CPU.Deploy.0 = Debug|iPhone
		{2E2C6199-2332-432B-B958-5D89FD52C591}.Debug|iPhone.ActiveCfg = Debug|iPhone
		{2E2C6199-2332-432B-B958-5D89FD52C591}.Debug|iPhone.Build.0 = Debug|iPhone
		{2E2C6199-2332-432B-B958-5D89FD52C591}.Debug|iPhone.Deploy.0 = Debug|iPhone
		{2E2C6199-2332-432B-B958-5D89FD52C591}.Debug|iPhoneSimulator.ActiveCfg = Debug|iPhoneSimulator
		{2E2C6199-2332-432B-B958-5D89FD52C591}.Debug|iPhoneSimulator.Build.0 = Debug|iPhoneSimulator
		{2E2C6199-2332-432B-B958-5D89FD52C591}.Debug|iPhoneSimulator.Deploy.0 = Debug|iPhoneSimulator
		{2E2C6199-2332-432B-B958-5D89FD52C591}.Release|Any CPU.ActiveCfg = Release|iPhoneSimulator
		{2E2C6199-2332-432B-B958-5D89FD52C591}.Release|Any CPU.Build.0 = Release|iPhoneSimulator
		{2E2C6199-2332-432B-B958-5D89FD52C591}.Release|Any CPU.Deploy.0 = Release|iPhoneSimulator
		{2E2C6199-2332-432B-B958-5D89FD52C591}.Release|iPhone.ActiveCfg = Release|iPhone
		{2E2C6199-2332-432B-B958-5D89FD52C591}.Release|iPhone.Build.0 = Release|iPhone
		{2E2C6199-2332-432B-B958-5D89FD52C591}.Release|iPhone.Deploy.0 = Release|iPhone
		{2E2C6199-2332-432B-B958-5D89FD52C591}.Release|iPhoneSimulator.ActiveCfg = Release|iPhoneSimulator
		{2E2C6199-2332-432B-B958-5D89FD52C591}.Release|iPhoneSimulator.Build.0 = Release|iPhoneSimulator
		{2E2C6199-2332-432B-B958-5D89FD52C591}.Release|iPhoneSimulator.Deploy.0 = Release|iPhoneSimulator
		{7B454465-894E-4789-A7AB-AEF8644EB01D}.Debug|Any CPU.ActiveCfg = Debug|Any CPU
		{7B454465-894E-4789-A7AB-AEF8644EB01D}.Debug|Any CPU.Build.0 = Debug|Any CPU
		{7B454465-894E-4789-A7AB-AEF8644EB01D}.Debug|Any CPU.Deploy.0 = Debug|Any CPU
		{7B454465-894E-4789-A7AB-AEF8644EB01D}.Debug|iPhone.ActiveCfg = Debug|Any CPU
		{7B454465-894E-4789-A7AB-AEF8644EB01D}.Debug|iPhone.Build.0 = Debug|Any CPU
		{7B454465-894E-4789-A7AB-AEF8644EB01D}.Debug|iPhone.Deploy.0 = Debug|Any CPU
		{7B454465-894E-4789-A7AB-AEF8644EB01D}.Debug|iPhoneSimulator.ActiveCfg = Debug|Any CPU
		{7B454465-894E-4789-A7AB-AEF8644EB01D}.Debug|iPhoneSimulator.Build.0 = Debug|Any CPU
		{7B454465-894E-4789-A7AB-AEF8644EB01D}.Debug|iPhoneSimulator.Deploy.0 = Debug|Any CPU
		{7B454465-894E-4789-A7AB-AEF8644EB01D}.Release|Any CPU.ActiveCfg = Release|Any CPU
		{7B454465-894E-4789-A7AB-AEF8644EB01D}.Release|Any CPU.Build.0 = Release|Any CPU
		{7B454465-894E-4789-A7AB-AEF8644EB01D}.Release|Any CPU.Deploy.0 = Release|Any CPU
		{7B454465-894E-4789-A7AB-AEF8644EB01D}.Release|iPhone.ActiveCfg = Release|Any CPU
		{7B454465-894E-4789-A7AB-AEF8644EB01D}.Release|iPhone.Build.0 = Release|Any CPU
		{7B454465-894E-4789-A7AB-AEF8644EB01D}.Release|iPhone.Deploy.0 = Release|Any CPU
		{7B454465-894E-4789-A7AB-AEF8644EB01D}.Release|iPhoneSimulator.ActiveCfg = Release|Any CPU
		{7B454465-894E-4789-A7AB-AEF8644EB01D}.Release|iPhoneSimulator.Build.0 = Release|Any CPU
		{7B454465-894E-4789-A7AB-AEF8644EB01D}.Release|iPhoneSimulator.Deploy.0 = Release|Any CPU
	EndGlobalSection
	GlobalSection(SolutionProperties) = preSolution
		HideSolutionNode = FALSE
	EndGlobalSection
	GlobalSection(ExtensibilityGlobals) = postSolution
		SolutionGuid = {B51151DE-41BD-41A4-A5CA-3888E0A2A960}
	EndGlobalSection
EndGlobal
